# THIS IS AN AUTOGENERATED FILE. DO NOT EDIT THIS FILE DIRECTLY.
# yarn lockfile v1


"@libsql/client@^0.3.6":
  version "0.3.6"
  resolved "https://registry.yarnpkg.com/@libsql/client/-/client-0.3.6.tgz#2358959c3dff433cadae01b089fdc68ae4d6cf36"
  integrity sha512-3Mc4ZDI7X5ZLkMxX5XijiBeqhvyrny356lcj/KVVIeMXt9j6g4l+CRIsUvgcsyCAOUHqWqh0+TjI91bCKmdW+w==
  dependencies:
    "@libsql/hrana-client" "^0.5.5"
    js-base64 "^3.7.5"
    libsql "^0.1.28"

"@libsql/darwin-arm64@0.1.34":
  version "0.1.34"
  resolved "https://registry.yarnpkg.com/@libsql/darwin-arm64/-/darwin-arm64-0.1.34.tgz#12579a1887f379dd9e9614d70385ea74ce45a94f"
  integrity sha512-Wv8jvkj/fUAO8DF3A4HaddCMldUUpKcg/WW1sY95FNsSHOxktyxqU80jAp/tCuZ85GQIJozvgSr51/ARIC0gsw==

"@libsql/darwin-x64@0.1.34":
  version "0.1.34"
  resolved "https://registry.yarnpkg.com/@libsql/darwin-x64/-/darwin-x64-0.1.34.tgz#449aa556b87d6d2adfac171c657a403461adba95"
  integrity sha512-2NQXD9nUzC08hg7FdcZLq5uTEwGz1KbD7YvUzQb/psO1lO/E/p83wl1es1082+Pp0z5pSPDWQeRTuccD41L+3w==

"@libsql/hrana-client@^0.5.5":
  version "0.5.5"
  resolved "https://registry.yarnpkg.com/@libsql/hrana-client/-/hrana-client-0.5.5.tgz#5861aba59a593588283f9c33573ec5f571c35735"
  integrity sha512-i+hDBpiV719poqEiHupUUZYKJ9YSbCRFe5Q2PQ0v3mHIftePH6gayLjp2u6TXbqbO/Dv6y8yyvYlBXf/kFfRZA==
  dependencies:
    "@libsql/isomorphic-fetch" "^0.1.10"
    "@libsql/isomorphic-ws" "^0.1.5"
    js-base64 "^3.7.5"
    node-fetch "^3.3.2"

"@libsql/isomorphic-fetch@^0.1.10":
  version "0.1.10"
  resolved "https://registry.yarnpkg.com/@libsql/isomorphic-fetch/-/isomorphic-fetch-0.1.10.tgz#55f3e092a85e05babbd46b01521cbd6d43e38963"
  integrity sha512-dH0lMk50gKSvEKD78xWMu60SY1sjp1sY//iFLO0XMmBwfVfG136P9KOk06R4maBdlb8KMXOzJ1D28FR5ZKnHTA==
  dependencies:
    "@types/node-fetch" "^2.2.6"
    node-fetch "^2.6.12"

"@libsql/isomorphic-ws@^0.1.5":
  version "0.1.5"
  resolved "https://registry.yarnpkg.com/@libsql/isomorphic-ws/-/isomorphic-ws-0.1.5.tgz#e2d1faf965ba0f3be9301fbf5640164d03c4e606"
  integrity sha512-DtLWIH29onUYR00i0GlQ3UdcTRC6EP4u9w/h9LxpUZJWRMARk6dQwZ6Jkd+QdwVpuAOrdxt18v0K2uIYR3fwFg==
  dependencies:
    "@types/ws" "^8.5.4"
    ws "^8.13.0"

"@libsql/linux-arm64-gnu@0.1.34":
  version "0.1.34"
  resolved "https://registry.yarnpkg.com/@libsql/linux-arm64-gnu/-/linux-arm64-gnu-0.1.34.tgz#10751c0e3400b90d429f15d2b8089b55e22e0a9e"
  integrity sha512-r3dY1FDYZ7eX5HX7HyAoYSqK5FPugj5NSB5Bt/nz+ygBWdXASgSKxkE/RqjJIM59vXwv300iJX9qhR5fXv8sTw==

"@libsql/linux-arm64-musl@0.1.34":
  version "0.1.34"
  resolved "https://registry.yarnpkg.com/@libsql/linux-arm64-musl/-/linux-arm64-musl-0.1.34.tgz#13aadf8a0a33583f23642bfe79a8fab18824c2ed"
  integrity sha512-9AE/eNb9eQRcNsLxqtpLJxVEoIMmItrdwqJDImPJtOp10rhp4U0x/9RGKerl9Mg3ObVj676pyhAR2KzyudrOfQ==

"@libsql/linux-x64-gnu@0.1.34":
  version "0.1.34"
  resolved "https://registry.yarnpkg.com/@libsql/linux-x64-gnu/-/linux-x64-gnu-0.1.34.tgz#27b95165ced6d3191bce01fc203868aed8c60abe"
  integrity sha512-o8toY1Txstjt13fBhZbFe8sNAW6OaS6qVcp1Bd6bHkCLSBLZ6pjJmwzQN8rFv9QFBPAnaKP3lI4vaOXXw7huTA==

"@libsql/linux-x64-musl@0.1.34":
  version "0.1.34"
  resolved "https://registry.yarnpkg.com/@libsql/linux-x64-musl/-/linux-x64-musl-0.1.34.tgz#b30bd8ac171ca4275ab93e1858c0177013dc14d5"
  integrity sha512-EldEmcAxxNPSCjJ73oFxg81PDDIpDbPqK/QOrhmmGYLvYwrnQtVRUIbARf80JQvcy6bCxOO/Q9dh6wGhnyHyYA==

"@libsql/win32-x64-msvc@0.1.34":
  version "0.1.34"
  resolved "https://registry.yarnpkg.com/@libsql/win32-x64-msvc/-/win32-x64-msvc-0.1.34.tgz#47b7ef1dd80eb43e82f352efbcd961c4792e035a"
  integrity sha512-jnv0qfVMnrVv00r+wUOe6DHrHuao9y1w1lN543cV2J1JdQNJT/eSZzhyZFSlS3T2ZUvXfZfZ5GeL8U18IAID6w==

"@neon-rs/load@^0.0.4":
  version "0.0.4"
  resolved "https://registry.yarnpkg.com/@neon-rs/load/-/load-0.0.4.tgz#2a2a3292c6f1fef043f49886712d3c96a547532e"
  integrity sha512-kTPhdZyTQxB+2wpiRcFWrDcejc4JI6tkPuS7UZCG4l6Zvc5kU/gGQ/ozvHTh1XR5tS+UlfAfGuPajjzQjCiHCw==

"@types/node-fetch@^2.2.6":
  version "2.6.8"
  resolved "https://registry.yarnpkg.com/@types/node-fetch/-/node-fetch-2.6.8.tgz#9a2993583975849c2e1f360b6ca2f11755b2c504"
  integrity sha512-nnH5lV9QCMPsbEVdTb5Y+F3GQxLSw1xQgIydrb2gSfEavRPs50FnMr+KUaa+LoPSqibm2N+ZZxH7lavZlAT4GA==
  dependencies:
    "@types/node" "*"
    form-data "^4.0.0"

"@types/node@*":
  version "20.8.10"
  resolved "https://registry.yarnpkg.com/@types/node/-/node-20.8.10.tgz#a5448b895c753ae929c26ce85cab557c6d4a365e"
  integrity sha512-TlgT8JntpcbmKUFzjhsyhGfP2fsiz1Mv56im6enJ905xG1DAYesxJaeSbGqQmAw8OWPdhyJGhGSQGKRNJ45u9w==
  dependencies:
    undici-types "~5.26.4"

"@types/ws@^8.5.4":
  version "8.5.8"
  resolved "https://registry.yarnpkg.com/@types/ws/-/ws-8.5.8.tgz#13efec7bd439d0bdf2af93030804a94f163b1430"
  integrity sha512-flUksGIQCnJd6sZ1l5dqCEG/ksaoAg/eUwiLAGTJQcfgvZJKF++Ta4bJA6A5aPSJmsr+xlseHn4KLgVlNnvPTg==
  dependencies:
    "@types/node" "*"

asynckit@^0.4.0:
  version "0.4.0"
  resolved "https://registry.yarnpkg.com/asynckit/-/asynckit-0.4.0.tgz#c79ed97f7f34cb8f2ba1bc9790bcc366474b4b79"
  integrity sha512-Oei9OH4tRh0YqU3GxhX79dM/mwVgvbZJaSNaRk+bshkj0S5cfHcgYakreBjrHwatXKbz+IoIdYLxrKim2MjW0Q==

axios@^1.6.0:
  version "1.6.0"
  resolved "https://registry.yarnpkg.com/axios/-/axios-1.6.0.tgz#f1e5292f26b2fd5c2e66876adc5b06cdbd7d2102"
  integrity sha512-EZ1DYihju9pwVB+jg67ogm+Tmqc6JmhamRN6I4Zt8DfZu5lbcQGw3ozH9lFejSJgs/ibaef3A9PMXPLeefFGJg==
  dependencies:
    follow-redirects "^1.15.0"
    form-data "^4.0.0"
    proxy-from-env "^1.1.0"

combined-stream@^1.0.8:
  version "1.0.8"
  resolved "https://registry.yarnpkg.com/combined-stream/-/combined-stream-1.0.8.tgz#c3d45a8b34fd730631a110a8a2520682b31d5a7f"
  integrity sha512-FQN4MRfuJeHf7cBbBMJFXhKSDq+2kAArBlmRBvcvFE5BB1HZKXtSFASDhdlz9zOYwxh8lDdnvmMOe/+5cdoEdg==
  dependencies:
    delayed-stream "~1.0.0"

data-uri-to-buffer@^4.0.0:
  version "4.0.1"
  resolved "https://registry.yarnpkg.com/data-uri-to-buffer/-/data-uri-to-buffer-4.0.1.tgz#d8feb2b2881e6a4f58c2e08acfd0e2834e26222e"
  integrity sha512-0R9ikRb668HB7QDxT1vkpuUBtqc53YyAwMwGeUFKRojY/NWKvdZ+9UYtRfGmhqNbRkTSVpMbmyhXipFFv2cb/A==

delayed-stream@~1.0.0:
  version "1.0.0"
  resolved "https://registry.yarnpkg.com/delayed-stream/-/delayed-stream-1.0.0.tgz#df3ae199acadfb7d440aaae0b29e2272b24ec619"
  integrity sha512-ZySD7Nf91aLB0RxL4KGrKHBXl7Eds1DAmEdcoVawXnLD7SDhpNgtuII2aAkg7a7QS41jxPSZ17p4VdGnMHk3MQ==

detect-libc@2.0.2:
  version "2.0.2"
  resolved "https://registry.yarnpkg.com/detect-libc/-/detect-libc-2.0.2.tgz#8ccf2ba9315350e1241b88d0ac3b0e1fbd99605d"
  integrity sha512-UX6sGumvvqSaXgdKGUsgZWqcUyIXZ/vZTrlRT/iobiKhGL0zL4d3osHj3uqllWJK+i+sixDS/3COVEOFbupFyw==

fetch-blob@^3.1.2, fetch-blob@^3.1.4:
  version "3.2.0"
  resolved "https://registry.yarnpkg.com/fetch-blob/-/fetch-blob-3.2.0.tgz#f09b8d4bbd45adc6f0c20b7e787e793e309dcce9"
  integrity sha512-7yAQpD2UMJzLi1Dqv7qFYnPbaPx7ZfFK6PiIxQ4PfkGPyNyl2Ugx+a/umUonmKqjhM4DnfbMvdX6otXq83soQQ==
  dependencies:
    node-domexception "^1.0.0"
    web-streams-polyfill "^3.0.3"

follow-redirects@^1.15.0:
  version "1.15.3"
  resolved "https://registry.yarnpkg.com/follow-redirects/-/follow-redirects-1.15.3.tgz#fe2f3ef2690afce7e82ed0b44db08165b207123a"
  integrity sha512-1VzOtuEM8pC9SFU1E+8KfTjZyMztRsgEfwQl44z8A25uy13jSzTj6dyK2Df52iV0vgHCfBwLhDWevLn95w5v6Q==

form-data@^4.0.0:
  version "4.0.0"
  resolved "https://registry.yarnpkg.com/form-data/-/form-data-4.0.0.tgz#93919daeaf361ee529584b9b31664dc12c9fa452"
  integrity sha512-ETEklSGi5t0QMZuiXoA/Q6vcnxcLQP5vdugSpuAyi6SVGi2clPPp+xgEhuMaHC+zGgn31Kd235W35f7Hykkaww==
  dependencies:
    asynckit "^0.4.0"
    combined-stream "^1.0.8"
    mime-types "^2.1.12"

formdata-polyfill@^4.0.10:
  version "4.0.10"
  resolved "https://registry.yarnpkg.com/formdata-polyfill/-/formdata-polyfill-4.0.10.tgz#24807c31c9d402e002ab3d8c720144ceb8848423"
  integrity sha512-buewHzMvYL29jdeQTVILecSaZKnt/RJWjoZCF5OW60Z67/GmSLBkOFM7qh1PI3zFNtJbaZL5eQu1vLfazOwj4g==
  dependencies:
    fetch-blob "^3.1.2"

fs@^0.0.1-security:
  version "0.0.1-security"
  resolved "https://registry.yarnpkg.com/fs/-/fs-0.0.1-security.tgz#8a7bd37186b6dddf3813f23858b57ecaaf5e41d4"
  integrity sha512-3XY9e1pP0CVEUCdj5BmfIZxRBTSDycnbqhIOGec9QYtmVH2fbLpj86CFWkrNOkt/Fvty4KZG5lTglL9j/gJ87w==

ip@^1.1.8:
  version "1.1.8"
  resolved "https://registry.yarnpkg.com/ip/-/ip-1.1.8.tgz#ae05948f6b075435ed3307acce04629da8cdbf48"
  integrity sha512-PuExPYUiu6qMBQb4l06ecm6T6ujzhmh+MeJcW9wa89PoAz5pvd4zPgN5WJV104mb6S2T1AwNIAaB70JNrLQWhg==

js-base64@^3.7.5:
  version "3.7.5"
  resolved "https://registry.yarnpkg.com/js-base64/-/js-base64-3.7.5.tgz#21e24cf6b886f76d6f5f165bfcd69cc55b9e3fca"
  integrity sha512-3MEt5DTINKqfScXKfJFrRbxkrnk2AxPWGBL/ycjz4dK8iqiSJ06UxD8jh8xuh6p10TX4t2+7FsBYVxxQbMg+qA==

kafkajs@^2.2.4:
  version "2.2.4"
  resolved "https://registry.yarnpkg.com/kafkajs/-/kafkajs-2.2.4.tgz#59e6e16459d87fdf8b64be73970ed5aa42370a5b"
  integrity sha512-j/YeapB1vfPT2iOIUn/vxdyKEuhuY2PxMBvf5JWux6iSaukAccrMtXEY/Lb7OvavDhOWME589bpLrEdnVHjfjA==

libsql@^0.1.28:
  version "0.1.34"
  resolved "https://registry.yarnpkg.com/libsql/-/libsql-0.1.34.tgz#a41dddb2e5279c736bbdeeb5750eea13906f44a5"
  integrity sha512-LGofp7z7gi1Td6vu2GxaA4WyvSPEkuFn0f/ePSti1TsAlBU0LWxdk+bj9D8nqswzxiqe5wpAyTLhVzTIYSyXEA==
  dependencies:
    "@neon-rs/load" "^0.0.4"
    detect-libc "2.0.2"
  optionalDependencies:
    "@libsql/darwin-arm64" "0.1.34"
    "@libsql/darwin-x64" "0.1.34"
    "@libsql/linux-arm64-gnu" "0.1.34"
    "@libsql/linux-arm64-musl" "0.1.34"
    "@libsql/linux-x64-gnu" "0.1.34"
    "@libsql/linux-x64-musl" "0.1.34"
    "@libsql/win32-x64-msvc" "0.1.34"

mime-db@1.52.0:
  version "1.52.0"
  resolved "https://registry.yarnpkg.com/mime-db/-/mime-db-1.52.0.tgz#bbabcdc02859f4987301c856e3387ce5ec43bf70"
  integrity sha512-sPU4uV7dYlvtWJxwwxHD0PuihVNiE7TyAbQ5SWxDCB9mUYvOgroQOwYQQOKPJ8CIbE+1ETVlOoK1UC2nU3gYvg==

mime-types@^2.1.12:
  version "2.1.35"
  resolved "https://registry.yarnpkg.com/mime-types/-/mime-types-2.1.35.tgz#381a871b62a734450660ae3deee44813f70d959a"
  integrity sha512-ZDY+bPm5zTTF+YpCrAU9nK0UgICYPT0QtT1NZWFv4s++TNkcgVaT0g6+4R2uI4MjQjzysHB1zxuWL50hzaeXiw==
  dependencies:
    mime-db "1.52.0"

node-domexception@^1.0.0:
  version "1.0.0"
  resolved "https://registry.yarnpkg.com/node-domexception/-/node-domexception-1.0.0.tgz#6888db46a1f71c0b76b3f7555016b63fe64766e5"
  integrity sha512-/jKZoMpw0F8GRwl4/eLROPA3cfcXtLApP0QzLmUT/HuPCZWyB7IY9ZrMeKw2O/nFIqPQB3PVM9aYm0F312AXDQ==

node-fetch@^2.6.12:
  version "2.7.0"
  resolved "https://registry.yarnpkg.com/node-fetch/-/node-fetch-2.7.0.tgz#d0f0fa6e3e2dc1d27efcd8ad99d550bda94d187d"
  integrity sha512-c4FRfUm/dbcWZ7U+1Wq0AwCyFL+3nt2bEw05wfxSz+DWpWsitgmSgYmy2dQdWyKC1694ELPqMs/YzUSNozLt8A==
  dependencies:
    whatwg-url "^5.0.0"

node-fetch@^3.3.2:
  version "3.3.2"
  resolved "https://registry.yarnpkg.com/node-fetch/-/node-fetch-3.3.2.tgz#d1e889bacdf733b4ff3b2b243eb7a12866a0b78b"
  integrity sha512-dRB78srN/l6gqWulah9SrxeYnxeddIG30+GOqK/9OlLVyLg3HPnr6SqOWTWOXKRwC2eGYCkZ59NNuSgvSrpgOA==
  dependencies:
    data-uri-to-buffer "^4.0.0"
    fetch-blob "^3.1.4"
    formdata-polyfill "^4.0.10"

proxy-from-env@^1.1.0:
  version "1.1.0"
  resolved "https://registry.yarnpkg.com/proxy-from-env/-/proxy-from-env-1.1.0.tgz#e102f16ca355424865755d2c9e8ea4f24d58c3e2"
  integrity sha512-D+zkORCbA9f1tdWRK0RaCR3GPv50cMxcrz4X8k5LTSUD1Dkw47mKJEZQNunItRTkWwgtaUSo1RVFRIG9ZXiFYg==

tr46@~0.0.3:
  version "0.0.3"
  resolved "https://registry.yarnpkg.com/tr46/-/tr46-0.0.3.tgz#8184fd347dac9cdc185992f3a6622e14b9d9ab6a"
  integrity sha512-N3WMsuqV66lT30CrXNbEjx4GEwlow3v6rr4mCcv6prnfwhS01rkgyFdjPNBYd9br7LpXV1+Emh01fHnq2Gdgrw==

undici-types@~5.26.4:
  version "5.26.5"
  resolved "https://registry.yarnpkg.com/undici-types/-/undici-types-5.26.5.tgz#bcd539893d00b56e964fd2657a4866b221a65617"
  integrity sha512-JlCMO+ehdEIKqlFxk6IfVoAUVmgz7cU7zD/h9XZ0qzeosSHmUJVOzSQvvYSYWXkFXC+IfLKSIffhv0sVZup6pA==

web-streams-polyfill@^3.0.3:
  version "3.2.1"
  resolved "https://registry.yarnpkg.com/web-streams-polyfill/-/web-streams-polyfill-3.2.1.tgz#71c2718c52b45fd49dbeee88634b3a60ceab42a6"
  integrity sha512-e0MO3wdXWKrLbL0DgGnUV7WHVuw9OUvL4hjgnPkIeEvESk74gAITi5G606JtZPp39cd8HA9VQzCIvA49LpPN5Q==

webidl-conversions@^3.0.0:
  version "3.0.1"
  resolved "https://registry.yarnpkg.com/webidl-conversions/-/webidl-conversions-3.0.1.tgz#24534275e2a7bc6be7bc86611cc16ae0a5654871"
  integrity sha512-2JAn3z8AR6rjK8Sm8orRC0h/bcl/DqL7tRPdGZ4I1CjdF+EaMLmYxBHyXuKL849eucPFhvBoxMsflfOb8kxaeQ==

whatwg-url@^5.0.0:
  version "5.0.0"
  resolved "https://registry.yarnpkg.com/whatwg-url/-/whatwg-url-5.0.0.tgz#966454e8765462e37644d3626f6742ce8b70965d"
  integrity sha512-saE57nupxk6v3HY35+jzBwYa0rKSy0XR8JSxZPwgLr7ys0IBzhGviA1/TUGJLmSVqs8pb9AnvICXEuOHLprYTw==
  dependencies:
    tr46 "~0.0.3"
    webidl-conversions "^3.0.0"

ws@^8.13.0:
  version "8.14.2"
  resolved "https://registry.yarnpkg.com/ws/-/ws-8.14.2.tgz#6c249a806eb2db7a20d26d51e7709eab7b2e6c7f"
  integrity sha512-wEBG1ftX4jcglPxgFCMJmZ2PLtSbJ2Peg6TmpJFTbe9GZYOQCDPdMYu/Tm0/bGZkw8paZnJY45J4K2PZrLYq8g==
